
Microsoft Visual Studio Solution File, Format Version 12.00
# Visual Studio Version 16
VisualStudioVersion = 16.0.31515.178
MinimumVisualStudioVersion = 10.0.40219.1
Project("{FAE04EC0-301F-11D3-BF4B-00C04F79EFBC}") = "DBConverter", "DBConverter\DBConverter.csproj", "{FB04ECA6-F712-4B74-A1A3-FFB79BD6EC4F}"
EndProject
Global
	GlobalSection(SolutionConfigurationPlatforms) = preSolution
		Debug|Any CPU = Debug|Any CPU
		Release|Any CPU = Release|Any CPU
	EndGlobalSection
	GlobalSection(ProjectConfigurationPlatforms) = postSolution
		{FB04ECA6-F712-4B74-A1A3-FFB79BD6EC4F}.Debug|Any CPU.ActiveCfg = Debug|Any CPU
		{FB04ECA6-F712-4B74-A1A3-FFB79BD6EC4F}.Debug|Any CPU.Build.0 = Debug|Any CPU
		{FB04ECA6-F712-4B74-A1A3-FFB79BD6EC4F}.Release|Any CPU.ActiveCfg = Release|Any CPU
		{FB04ECA6-F712-4B74-A1A3-FFB79BD6EC4F}.Release|Any CPU.Build.0 = Release|Any CPU
	EndGlobalSection
	GlobalSection(SolutionProperties) = preSolution
		HideSolutionNode = FALSE
	EndGlobalSection
	GlobalSection(ExtensibilityGlobals) = postSolution
		SolutionGuid = {52AF7730-423C-428D-A62C-49BD70B6FD8E}
	EndGlobalSection
EndGlobal
